
Microsoft Visual Studio Solution File, Format Version 12.00
# Visual Studio Version 17
VisualStudioVersion = 17.9.34728.123
MinimumVisualStudioVersion = 10.0.40219.1
Project("{9A19103F-16F7-4668-BE54-9A1E7A4F7556}") = "AvoidStar", "AvoidStar.csproj", "{3B54A2A6-77A3-4808-8730-E4630197A1B1}"
EndProject
Project("{9A19103F-16F7-4668-BE54-9A1E7A4F7556}") = "Basic_Array", "..\Basic_Array\Basic_Array.csproj", "{69B397F8-869F-45AD-A1FD-E84829A0230D}"
EndProject
Project("{9A19103F-16F7-4668-BE54-9A1E7A4F7556}") = "CustomDataType", "..\CustomDataType\CustomDataType.csproj", "{B0735B2C-D00B-4C2F-802D-3AD0B774C3F0}"
EndProject
Global
	GlobalSection(SolutionConfigurationPlatforms) = preSolution
		Debug|Any CPU = Debug|Any CPU
		Release|Any CPU = Release|Any CPU
	EndGlobalSection
	GlobalSection(ProjectConfigurationPlatforms) = postSolution
		{3B54A2A6-77A3-4808-8730-E4630197A1B1}.Debug|Any CPU.ActiveCfg = Debug|Any CPU
		{3B54A2A6-77A3-4808-8730-E4630197A1B1}.Debug|Any CPU.Build.0 = Debug|Any CPU
		{3B54A2A6-77A3-4808-8730-E4630197A1B1}.Release|Any CPU.ActiveCfg = Release|Any CPU
		{3B54A2A6-77A3-4808-8730-E4630197A1B1}.Release|Any CPU.Build.0 = Release|Any CPU
		{69B397F8-869F-45AD-A1FD-E84829A0230D}.Debug|Any CPU.ActiveCfg = Debug|Any CPU
		{69B397F8-869F-45AD-A1FD-E84829A0230D}.Debug|Any CPU.Build.0 = Debug|Any CPU
		{69B397F8-869F-45AD-A1FD-E84829A0230D}.Release|Any CPU.ActiveCfg = Release|Any CPU
		{69B397F8-869F-45AD-A1FD-E84829A0230D}.Release|Any CPU.Build.0 = Release|Any CPU
		{B0735B2C-D00B-4C2F-802D-3AD0B774C3F0}.Debug|Any CPU.ActiveCfg = Debug|Any CPU
		{B0735B2C-D00B-4C2F-802D-3AD0B774C3F0}.Debug|Any CPU.Build.0 = Debug|Any CPU
		{B0735B2C-D00B-4C2F-802D-3AD0B774C3F0}.Release|Any CPU.ActiveCfg = Release|Any CPU
		{B0735B2C-D00B-4C2F-802D-3AD0B774C3F0}.Release|Any CPU.Build.0 = Release|Any CPU
	EndGlobalSection
	GlobalSection(SolutionProperties) = preSolution
		HideSolutionNode = FALSE
	EndGlobalSection
	GlobalSection(ExtensibilityGlobals) = postSolution
		SolutionGuid = {72807456-4FDB-4714-BC63-7A0E72712999}
	EndGlobalSection
EndGlobal
